
Microsoft Visual Studio Solution File, Format Version 12.00
# Visual Studio Version 17
VisualStudioVersion = 17.14.36518.9
MinimumVisualStudioVersion = 10.0.40219.1
Project("{2150E333-8FDC-42A3-9474-1A3956D46DE8}") = "Services", "Services", "{36D591C7-65C7-A0D1-1CBC-10CDE441BDC8}"
EndProject
Project("{2150E333-8FDC-42A3-9474-1A3956D46DE8}") = "Shared", "Shared", "{5F387CC5-089A-4D8E-8BBB-1670F9DB5A8C}"
EndProject
Project("{2150E333-8FDC-42A3-9474-1A3956D46DE8}") = "ApiGateway", "ApiGateway", "{B5589E78-89F5-494F-A1C3-4035C9B041A6}"
EndProject
Project("{2150E333-8FDC-42A3-9474-1A3956D46DE8}") = "UserService", "UserService", "{8A356C97-EAF5-4D16-AF32-02721633F601}"
EndProject
Project("{FAE04EC0-301F-11D3-BF4B-00C04F79EFBC}") = "User.Application", "Services\UserService\User.Application\User.Application.csproj", "{C7636BA3-4F3B-4239-BA1B-E73A3DD104D4}"
EndProject
Project("{FAE04EC0-301F-11D3-BF4B-00C04F79EFBC}") = "User.Domain", "Services\UserService\User.Domain\User.Domain.csproj", "{603DDFAB-8709-44FB-93D2-2862192326C9}"
EndProject
Project("{FAE04EC0-301F-11D3-BF4B-00C04F79EFBC}") = "User.Infrastructure", "Services\UserService\User.Infrastructure\User.Infrastructure.csproj", "{D4F91A08-DC13-4772-A9B7-160BF97889C2}"
EndProject
Project("{FAE04EC0-301F-11D3-BF4B-00C04F79EFBC}") = "User.API", "Services\UserService\User.API\User.API.csproj", "{944205A8-8CC0-421F-A501-406802C84A14}"
EndProject
Project("{2150E333-8FDC-42A3-9474-1A3956D46DE8}") = "AuthService", "AuthService", "{E84BC9D3-2BD5-401A-85D0-A2324814B47C}"
EndProject
Project("{2150E333-8FDC-42A3-9474-1A3956D46DE8}") = "ExpensesService", "ExpensesService", "{DD31C789-A647-4BA1-B395-6AC3A4B3FA0A}"
EndProject
Project("{2150E333-8FDC-42A3-9474-1A3956D46DE8}") = "PaymentService", "PaymentService", "{8FB810EA-14D5-4ACE-A65F-702E3449351A}"
EndProject
Project("{2150E333-8FDC-42A3-9474-1A3956D46DE8}") = "TaskService", "TaskService", "{B17CBF6B-870E-44F1-9BFC-8039339A67A7}"
EndProject
Project("{2150E333-8FDC-42A3-9474-1A3956D46DE8}") = "ShoppingService", "ShoppingService", "{AA726561-E4A0-452B-BB22-3B73A88ACAED}"
EndProject
Project("{2150E333-8FDC-42A3-9474-1A3956D46DE8}") = "AnalyticsService", "AnalyticsService", "{AE575153-1014-4BFA-A316-331C8F9B181C}"
EndProject
Project("{2150E333-8FDC-42A3-9474-1A3956D46DE8}") = "NotificationsService", "NotificationsService", "{C9EDD178-C011-4881-8AFD-2C89CDEA340D}"
EndProject
Project("{2150E333-8FDC-42A3-9474-1A3956D46DE8}") = "Элементы решения", "Элементы решения", "{754FC069-D67B-A9D7-50A1-8D1CA196D8F1}"
	ProjectSection(SolutionItems) = preProject
		.gitignore = .gitignore
	EndProjectSection
EndProject
Project("{FAE04EC0-301F-11D3-BF4B-00C04F79EFBC}") = "Analytics.API", "Services\AnalyticsService\Analytics.API\Analytics.API.csproj", "{2199006E-7945-407B-A029-35C86C13D4F4}"
EndProject
Project("{FAE04EC0-301F-11D3-BF4B-00C04F79EFBC}") = "Analytics.Application", "Services\AnalyticsService\Analytics.Application\Analytics.Application.csproj", "{7BA9B77E-5BBE-404E-A263-59103BB7CA91}"
EndProject
Project("{FAE04EC0-301F-11D3-BF4B-00C04F79EFBC}") = "Analytics.Domain", "Services\AnalyticsService\Analytics.Domain\Analytics.Domain.csproj", "{ABD8FBD1-888B-4C49-A622-7B11CD2CC718}"
EndProject
Project("{FAE04EC0-301F-11D3-BF4B-00C04F79EFBC}") = "Analytics.Infrastructure", "Services\AnalyticsService\Analytics.Infrastructure\Analytics.Infrastructure.csproj", "{AEA79AC2-FFCC-403A-9E09-6D6F1537E635}"
EndProject
Project("{FAE04EC0-301F-11D3-BF4B-00C04F79EFBC}") = "Auth.API", "Services\AuthService\Auth.API\Auth.API.csproj", "{6357B699-EB86-47F7-97F0-25F43688BF3C}"
EndProject
Project("{FAE04EC0-301F-11D3-BF4B-00C04F79EFBC}") = "Auth.Application", "Services\AuthService\Auth.Application\Auth.Application.csproj", "{4CCC1CAE-3643-4C32-8694-A65A02A4A89E}"
EndProject
Project("{FAE04EC0-301F-11D3-BF4B-00C04F79EFBC}") = "Auth.Domain", "Services\AuthService\Auth.Domain\Auth.Domain.csproj", "{960848F1-F64B-475D-A5AB-D870AA93707C}"
EndProject
Project("{FAE04EC0-301F-11D3-BF4B-00C04F79EFBC}") = "Auth.Infrastructure", "Services\AuthService\Auth.Infrastructure\Auth.Infrastructure.csproj", "{815F623B-6C7E-4F5C-9F94-EF852A820765}"
EndProject
Project("{FAE04EC0-301F-11D3-BF4B-00C04F79EFBC}") = "Expenses.API", "Services\ExpensesService\Expenses.API\Expenses.API.csproj", "{9CEB030B-28F1-4F11-9741-C00377313635}"
EndProject
Project("{FAE04EC0-301F-11D3-BF4B-00C04F79EFBC}") = "Expenses.Application", "Services\ExpensesService\Expenses.Application\Expenses.Application.csproj", "{BE397939-9E34-4538-B79D-4EDF898D914E}"
EndProject
Project("{FAE04EC0-301F-11D3-BF4B-00C04F79EFBC}") = "Expenses.Domain", "Services\ExpensesService\Expenses.Domain\Expenses.Domain.csproj", "{402C131C-18E1-4080-835C-23823682D5E7}"
EndProject
Project("{FAE04EC0-301F-11D3-BF4B-00C04F79EFBC}") = "Expenses.Infrastructure", "Services\ExpensesService\Expenses.Infrastructure\Expenses.Infrastructure.csproj", "{161D24F6-1E42-4424-AF9C-7DF5DC3A56E9}"
EndProject
Project("{FAE04EC0-301F-11D3-BF4B-00C04F79EFBC}") = "Notifications.API", "Services\NotificationsService\Notifications.API\Notifications.API.csproj", "{4B7B4E9C-EA0A-4AB1-8230-E1CC849042F7}"
EndProject
Project("{FAE04EC0-301F-11D3-BF4B-00C04F79EFBC}") = "Notifications.Application", "Services\NotificationsService\Notifications.Application\Notifications.Application.csproj", "{BC721F0A-C2D6-46BE-A866-5DD3032391C2}"
EndProject
Project("{FAE04EC0-301F-11D3-BF4B-00C04F79EFBC}") = "Notifications.Domain", "Services\NotificationsService\Notifications.Domain\Notifications.Domain.csproj", "{6222B43E-4B52-4F6A-89F7-4E5CF32D567A}"
EndProject
Project("{FAE04EC0-301F-11D3-BF4B-00C04F79EFBC}") = "Notifications.Infrastructure", "Services\NotificationsService\Notifications.Infrastructure\Notifications.Infrastructure.csproj", "{8907559D-6CF0-4FBE-9CEB-EEE5D725E31B}"
EndProject
Project("{FAE04EC0-301F-11D3-BF4B-00C04F79EFBC}") = "Payment.API", "Services\PaymentService\Payment.API\Payment.API.csproj", "{8BA63617-460A-4A6A-B9F3-2C16C090CC21}"
EndProject
Project("{FAE04EC0-301F-11D3-BF4B-00C04F79EFBC}") = "Payment.Application", "Services\PaymentService\Payment.Application\Payment.Application.csproj", "{06564B0E-6765-4F33-B4A9-85D7C48F8945}"
EndProject
Project("{FAE04EC0-301F-11D3-BF4B-00C04F79EFBC}") = "Payment.Domain", "Services\PaymentService\Payment.Domain\Payment.Domain.csproj", "{7A37C437-FE6B-489A-94BD-17A2815A9FC7}"
EndProject
Project("{FAE04EC0-301F-11D3-BF4B-00C04F79EFBC}") = "Payment.Infrastructure", "Services\PaymentService\Payment.Infrastructure\Payment.Infrastructure.csproj", "{FF8E39CC-777E-4178-8094-FE088A778C70}"
EndProject
Project("{FAE04EC0-301F-11D3-BF4B-00C04F79EFBC}") = "Shopping.API", "Services\ShoppingService\Shopping.API\Shopping.API.csproj", "{51D5B2F3-F156-4D3D-8B4A-E1F4A0492480}"
EndProject
Project("{FAE04EC0-301F-11D3-BF4B-00C04F79EFBC}") = "Shopping.Application", "Services\ShoppingService\Shopping.Application\Shopping.Application.csproj", "{CC7798E7-1B4D-4B69-95F3-15567372A56B}"
EndProject
Project("{FAE04EC0-301F-11D3-BF4B-00C04F79EFBC}") = "Shopping.Domain", "Services\ShoppingService\Shopping.Domain\Shopping.Domain.csproj", "{D46AE73E-580F-4CE0-8323-F825DF040306}"
EndProject
Project("{FAE04EC0-301F-11D3-BF4B-00C04F79EFBC}") = "Shopping.Infrastructure", "Services\ShoppingService\Shopping.Infrastructure\Shopping.Infrastructure.csproj", "{572009CC-FD9D-4281-A71E-E1A546F8E790}"
EndProject
Project("{FAE04EC0-301F-11D3-BF4B-00C04F79EFBC}") = "Task.API", "Services\TaskService\Task.API\Task.API.csproj", "{0B195DB8-6EC5-4337-A918-6937CFD77C05}"
EndProject
Project("{FAE04EC0-301F-11D3-BF4B-00C04F79EFBC}") = "Task.Application", "Services\TaskService\Task.Application\Task.Application.csproj", "{52875B43-849C-4127-9282-97D42993CC00}"
EndProject
Project("{FAE04EC0-301F-11D3-BF4B-00C04F79EFBC}") = "Task.Domain", "Services\TaskService\Task.Domain\Task.Domain.csproj", "{05CE4577-FA53-4DAF-B4EC-185454F28068}"
EndProject
Project("{FAE04EC0-301F-11D3-BF4B-00C04F79EFBC}") = "Task.Infrastructure", "Services\TaskService\Task.Infrastructure\Task.Infrastructure.csproj", "{7F5C5493-B969-4163-BB5B-D62EF4D33377}"
EndProject
Project("{FAE04EC0-301F-11D3-BF4B-00C04F79EFBC}") = "Entity", "Shared\Entity\Entity\Entity.csproj", "{64A0F3F1-6510-4442-BC0F-919618BAC8F3}"
EndProject
Global
	GlobalSection(SolutionConfigurationPlatforms) = preSolution
		Debug|Any CPU = Debug|Any CPU
		Release|Any CPU = Release|Any CPU
	EndGlobalSection
	GlobalSection(ProjectConfigurationPlatforms) = postSolution
		{C7636BA3-4F3B-4239-BA1B-E73A3DD104D4}.Debug|Any CPU.ActiveCfg = Debug|Any CPU
		{C7636BA3-4F3B-4239-BA1B-E73A3DD104D4}.Debug|Any CPU.Build.0 = Debug|Any CPU
		{C7636BA3-4F3B-4239-BA1B-E73A3DD104D4}.Release|Any CPU.ActiveCfg = Release|Any CPU
		{C7636BA3-4F3B-4239-BA1B-E73A3DD104D4}.Release|Any CPU.Build.0 = Release|Any CPU
		{603DDFAB-8709-44FB-93D2-2862192326C9}.Debug|Any CPU.ActiveCfg = Debug|Any CPU
		{603DDFAB-8709-44FB-93D2-2862192326C9}.Debug|Any CPU.Build.0 = Debug|Any CPU
		{603DDFAB-8709-44FB-93D2-2862192326C9}.Release|Any CPU.ActiveCfg = Release|Any CPU
		{603DDFAB-8709-44FB-93D2-2862192326C9}.Release|Any CPU.Build.0 = Release|Any CPU
		{D4F91A08-DC13-4772-A9B7-160BF97889C2}.Debug|Any CPU.ActiveCfg = Debug|Any CPU
		{D4F91A08-DC13-4772-A9B7-160BF97889C2}.Debug|Any CPU.Build.0 = Debug|Any CPU
		{D4F91A08-DC13-4772-A9B7-160BF97889C2}.Release|Any CPU.ActiveCfg = Release|Any CPU
		{D4F91A08-DC13-4772-A9B7-160BF97889C2}.Release|Any CPU.Build.0 = Release|Any CPU
		{944205A8-8CC0-421F-A501-406802C84A14}.Debug|Any CPU.ActiveCfg = Debug|Any CPU
		{944205A8-8CC0-421F-A501-406802C84A14}.Debug|Any CPU.Build.0 = Debug|Any CPU
		{944205A8-8CC0-421F-A501-406802C84A14}.Release|Any CPU.ActiveCfg = Release|Any CPU
		{944205A8-8CC0-421F-A501-406802C84A14}.Release|Any CPU.Build.0 = Release|Any CPU
		{2199006E-7945-407B-A029-35C86C13D4F4}.Debug|Any CPU.ActiveCfg = Debug|Any CPU
		{2199006E-7945-407B-A029-35C86C13D4F4}.Debug|Any CPU.Build.0 = Debug|Any CPU
		{2199006E-7945-407B-A029-35C86C13D4F4}.Release|Any CPU.ActiveCfg = Release|Any CPU
		{2199006E-7945-407B-A029-35C86C13D4F4}.Release|Any CPU.Build.0 = Release|Any CPU
		{7BA9B77E-5BBE-404E-A263-59103BB7CA91}.Debug|Any CPU.ActiveCfg = Debug|Any CPU
		{7BA9B77E-5BBE-404E-A263-59103BB7CA91}.Debug|Any CPU.Build.0 = Debug|Any CPU
		{7BA9B77E-5BBE-404E-A263-59103BB7CA91}.Release|Any CPU.ActiveCfg = Release|Any CPU
		{7BA9B77E-5BBE-404E-A263-59103BB7CA91}.Release|Any CPU.Build.0 = Release|Any CPU
		{ABD8FBD1-888B-4C49-A622-7B11CD2CC718}.Debug|Any CPU.ActiveCfg = Debug|Any CPU
		{ABD8FBD1-888B-4C49-A622-7B11CD2CC718}.Debug|Any CPU.Build.0 = Debug|Any CPU
		{ABD8FBD1-888B-4C49-A622-7B11CD2CC718}.Release|Any CPU.ActiveCfg = Release|Any CPU
		{ABD8FBD1-888B-4C49-A622-7B11CD2CC718}.Release|Any CPU.Build.0 = Release|Any CPU
		{AEA79AC2-FFCC-403A-9E09-6D6F1537E635}.Debug|Any CPU.ActiveCfg = Debug|Any CPU
		{AEA79AC2-FFCC-403A-9E09-6D6F1537E635}.Debug|Any CPU.Build.0 = Debug|Any CPU
		{AEA79AC2-FFCC-403A-9E09-6D6F1537E635}.Release|Any CPU.ActiveCfg = Release|Any CPU
		{AEA79AC2-FFCC-403A-9E09-6D6F1537E635}.Release|Any CPU.Build.0 = Release|Any CPU
		{6357B699-EB86-47F7-97F0-25F43688BF3C}.Debug|Any CPU.ActiveCfg = Debug|Any CPU
		{6357B699-EB86-47F7-97F0-25F43688BF3C}.Debug|Any CPU.Build.0 = Debug|Any CPU
		{6357B699-EB86-47F7-97F0-25F43688BF3C}.Release|Any CPU.ActiveCfg = Release|Any CPU
		{6357B699-EB86-47F7-97F0-25F43688BF3C}.Release|Any CPU.Build.0 = Release|Any CPU
		{4CCC1CAE-3643-4C32-8694-A65A02A4A89E}.Debug|Any CPU.ActiveCfg = Debug|Any CPU
		{4CCC1CAE-3643-4C32-8694-A65A02A4A89E}.Debug|Any CPU.Build.0 = Debug|Any CPU
		{4CCC1CAE-3643-4C32-8694-A65A02A4A89E}.Release|Any CPU.ActiveCfg = Release|Any CPU
		{4CCC1CAE-3643-4C32-8694-A65A02A4A89E}.Release|Any CPU.Build.0 = Release|Any CPU
		{960848F1-F64B-475D-A5AB-D870AA93707C}.Debug|Any CPU.ActiveCfg = Debug|Any CPU
		{960848F1-F64B-475D-A5AB-D870AA93707C}.Debug|Any CPU.Build.0 = Debug|Any CPU
		{960848F1-F64B-475D-A5AB-D870AA93707C}.Release|Any CPU.ActiveCfg = Release|Any CPU
		{960848F1-F64B-475D-A5AB-D870AA93707C}.Release|Any CPU.Build.0 = Release|Any CPU
		{815F623B-6C7E-4F5C-9F94-EF852A820765}.Debug|Any CPU.ActiveCfg = Debug|Any CPU
		{815F623B-6C7E-4F5C-9F94-EF852A820765}.Debug|Any CPU.Build.0 = Debug|Any CPU
		{815F623B-6C7E-4F5C-9F94-EF852A820765}.Release|Any CPU.ActiveCfg = Release|Any CPU
		{815F623B-6C7E-4F5C-9F94-EF852A820765}.Release|Any CPU.Build.0 = Release|Any CPU
		{9CEB030B-28F1-4F11-9741-C00377313635}.Debug|Any CPU.ActiveCfg = Debug|Any CPU
		{9CEB030B-28F1-4F11-9741-C00377313635}.Debug|Any CPU.Build.0 = Debug|Any CPU
		{9CEB030B-28F1-4F11-9741-C00377313635}.Release|Any CPU.ActiveCfg = Release|Any CPU
		{9CEB030B-28F1-4F11-9741-C00377313635}.Release|Any CPU.Build.0 = Release|Any CPU
		{BE397939-9E34-4538-B79D-4EDF898D914E}.Debug|Any CPU.ActiveCfg = Debug|Any CPU
		{BE397939-9E34-4538-B79D-4EDF898D914E}.Debug|Any CPU.Build.0 = Debug|Any CPU
		{BE397939-9E34-4538-B79D-4EDF898D914E}.Release|Any CPU.ActiveCfg = Release|Any CPU
		{BE397939-9E34-4538-B79D-4EDF898D914E}.Release|Any CPU.Build.0 = Release|Any CPU
		{402C131C-18E1-4080-835C-23823682D5E7}.Debug|Any CPU.ActiveCfg = Debug|Any CPU
		{402C131C-18E1-4080-835C-23823682D5E7}.Debug|Any CPU.Build.0 = Debug|Any CPU
		{402C131C-18E1-4080-835C-23823682D5E7}.Release|Any CPU.ActiveCfg = Release|Any CPU
		{402C131C-18E1-4080-835C-23823682D5E7}.Release|Any CPU.Build.0 = Release|Any CPU
		{161D24F6-1E42-4424-AF9C-7DF5DC3A56E9}.Debug|Any CPU.ActiveCfg = Debug|Any CPU
		{161D24F6-1E42-4424-AF9C-7DF5DC3A56E9}.Debug|Any CPU.Build.0 = Debug|Any CPU
		{161D24F6-1E42-4424-AF9C-7DF5DC3A56E9}.Release|Any CPU.ActiveCfg = Release|Any CPU
		{161D24F6-1E42-4424-AF9C-7DF5DC3A56E9}.Release|Any CPU.Build.0 = Release|Any CPU
		{4B7B4E9C-EA0A-4AB1-8230-E1CC849042F7}.Debug|Any CPU.ActiveCfg = Debug|Any CPU
		{4B7B4E9C-EA0A-4AB1-8230-E1CC849042F7}.Debug|Any CPU.Build.0 = Debug|Any CPU
		{4B7B4E9C-EA0A-4AB1-8230-E1CC849042F7}.Release|Any CPU.ActiveCfg = Release|Any CPU
		{4B7B4E9C-EA0A-4AB1-8230-E1CC849042F7}.Release|Any CPU.Build.0 = Release|Any CPU
		{BC721F0A-C2D6-46BE-A866-5DD3032391C2}.Debug|Any CPU.ActiveCfg = Debug|Any CPU
		{BC721F0A-C2D6-46BE-A866-5DD3032391C2}.Debug|Any CPU.Build.0 = Debug|Any CPU
		{BC721F0A-C2D6-46BE-A866-5DD3032391C2}.Release|Any CPU.ActiveCfg = Release|Any CPU
		{BC721F0A-C2D6-46BE-A866-5DD3032391C2}.Release|Any CPU.Build.0 = Release|Any CPU
		{6222B43E-4B52-4F6A-89F7-4E5CF32D567A}.Debug|Any CPU.ActiveCfg = Debug|Any CPU
		{6222B43E-4B52-4F6A-89F7-4E5CF32D567A}.Debug|Any CPU.Build.0 = Debug|Any CPU
		{6222B43E-4B52-4F6A-89F7-4E5CF32D567A}.Release|Any CPU.ActiveCfg = Release|Any CPU
		{6222B43E-4B52-4F6A-89F7-4E5CF32D567A}.Release|Any CPU.Build.0 = Release|Any CPU
		{8907559D-6CF0-4FBE-9CEB-EEE5D725E31B}.Debug|Any CPU.ActiveCfg = Debug|Any CPU
		{8907559D-6CF0-4FBE-9CEB-EEE5D725E31B}.Debug|Any CPU.Build.0 = Debug|Any CPU
		{8907559D-6CF0-4FBE-9CEB-EEE5D725E31B}.Release|Any CPU.ActiveCfg = Release|Any CPU
		{8907559D-6CF0-4FBE-9CEB-EEE5D725E31B}.Release|Any CPU.Build.0 = Release|Any CPU
		{8BA63617-460A-4A6A-B9F3-2C16C090CC21}.Debug|Any CPU.ActiveCfg = Debug|Any CPU
		{8BA63617-460A-4A6A-B9F3-2C16C090CC21}.Debug|Any CPU.Build.0 = Debug|Any CPU
		{8BA63617-460A-4A6A-B9F3-2C16C090CC21}.Release|Any CPU.ActiveCfg = Release|Any CPU
		{8BA63617-460A-4A6A-B9F3-2C16C090CC21}.Release|Any CPU.Build.0 = Release|Any CPU
		{06564B0E-6765-4F33-B4A9-85D7C48F8945}.Debug|Any CPU.ActiveCfg = Debug|Any CPU
		{06564B0E-6765-4F33-B4A9-85D7C48F8945}.Debug|Any CPU.Build.0 = Debug|Any CPU
		{06564B0E-6765-4F33-B4A9-85D7C48F8945}.Release|Any CPU.ActiveCfg = Release|Any CPU
		{06564B0E-6765-4F33-B4A9-85D7C48F8945}.Release|Any CPU.Build.0 = Release|Any CPU
		{7A37C437-FE6B-489A-94BD-17A2815A9FC7}.Debug|Any CPU.ActiveCfg = Debug|Any CPU
		{7A37C437-FE6B-489A-94BD-17A2815A9FC7}.Debug|Any CPU.Build.0 = Debug|Any CPU
		{7A37C437-FE6B-489A-94BD-17A2815A9FC7}.Release|Any CPU.ActiveCfg = Release|Any CPU
		{7A37C437-FE6B-489A-94BD-17A2815A9FC7}.Release|Any CPU.Build.0 = Release|Any CPU
		{FF8E39CC-777E-4178-8094-FE088A778C70}.Debug|Any CPU.ActiveCfg = Debug|Any CPU
		{FF8E39CC-777E-4178-8094-FE088A778C70}.Debug|Any CPU.Build.0 = Debug|Any CPU
		{FF8E39CC-777E-4178-8094-FE088A778C70}.Release|Any CPU.ActiveCfg = Release|Any CPU
		{FF8E39CC-777E-4178-8094-FE088A778C70}.Release|Any CPU.Build.0 = Release|Any CPU
		{51D5B2F3-F156-4D3D-8B4A-E1F4A0492480}.Debug|Any CPU.ActiveCfg = Debug|Any CPU
		{51D5B2F3-F156-4D3D-8B4A-E1F4A0492480}.Debug|Any CPU.Build.0 = Debug|Any CPU
		{51D5B2F3-F156-4D3D-8B4A-E1F4A0492480}.Release|Any CPU.ActiveCfg = Release|Any CPU
		{51D5B2F3-F156-4D3D-8B4A-E1F4A0492480}.Release|Any CPU.Build.0 = Release|Any CPU
		{CC7798E7-1B4D-4B69-95F3-15567372A56B}.Debug|Any CPU.ActiveCfg = Debug|Any CPU
		{CC7798E7-1B4D-4B69-95F3-15567372A56B}.Debug|Any CPU.Build.0 = Debug|Any CPU
		{CC7798E7-1B4D-4B69-95F3-15567372A56B}.Release|Any CPU.ActiveCfg = Release|Any CPU
		{CC7798E7-1B4D-4B69-95F3-15567372A56B}.Release|Any CPU.Build.0 = Release|Any CPU
		{D46AE73E-580F-4CE0-8323-F825DF040306}.Debug|Any CPU.ActiveCfg = Debug|Any CPU
		{D46AE73E-580F-4CE0-8323-F825DF040306}.Debug|Any CPU.Build.0 = Debug|Any CPU
		{D46AE73E-580F-4CE0-8323-F825DF040306}.Release|Any CPU.ActiveCfg = Release|Any CPU
		{D46AE73E-580F-4CE0-8323-F825DF040306}.Release|Any CPU.Build.0 = Release|Any CPU
		{572009CC-FD9D-4281-A71E-E1A546F8E790}.Debug|Any CPU.ActiveCfg = Debug|Any CPU
		{572009CC-FD9D-4281-A71E-E1A546F8E790}.Debug|Any CPU.Build.0 = Debug|Any CPU
		{572009CC-FD9D-4281-A71E-E1A546F8E790}.Release|Any CPU.ActiveCfg = Release|Any CPU
		{572009CC-FD9D-4281-A71E-E1A546F8E790}.Release|Any CPU.Build.0 = Release|Any CPU
		{0B195DB8-6EC5-4337-A918-6937CFD77C05}.Debug|Any CPU.ActiveCfg = Debug|Any CPU
		{0B195DB8-6EC5-4337-A918-6937CFD77C05}.Debug|Any CPU.Build.0 = Debug|Any CPU
		{0B195DB8-6EC5-4337-A918-6937CFD77C05}.Release|Any CPU.ActiveCfg = Release|Any CPU
		{0B195DB8-6EC5-4337-A918-6937CFD77C05}.Release|Any CPU.Build.0 = Release|Any CPU
		{52875B43-849C-4127-9282-97D42993CC00}.Debug|Any CPU.ActiveCfg = Debug|Any CPU
		{52875B43-849C-4127-9282-97D42993CC00}.Debug|Any CPU.Build.0 = Debug|Any CPU
		{52875B43-849C-4127-9282-97D42993CC00}.Release|Any CPU.ActiveCfg = Release|Any CPU
		{52875B43-849C-4127-9282-97D42993CC00}.Release|Any CPU.Build.0 = Release|Any CPU
		{05CE4577-FA53-4DAF-B4EC-185454F28068}.Debug|Any CPU.ActiveCfg = Debug|Any CPU
		{05CE4577-FA53-4DAF-B4EC-185454F28068}.Debug|Any CPU.Build.0 = Debug|Any CPU
		{05CE4577-FA53-4DAF-B4EC-185454F28068}.Release|Any CPU.ActiveCfg = Release|Any CPU
		{05CE4577-FA53-4DAF-B4EC-185454F28068}.Release|Any CPU.Build.0 = Release|Any CPU
		{7F5C5493-B969-4163-BB5B-D62EF4D33377}.Debug|Any CPU.ActiveCfg = Debug|Any CPU
		{7F5C5493-B969-4163-BB5B-D62EF4D33377}.Debug|Any CPU.Build.0 = Debug|Any CPU
		{7F5C5493-B969-4163-BB5B-D62EF4D33377}.Release|Any CPU.ActiveCfg = Release|Any CPU
		{7F5C5493-B969-4163-BB5B-D62EF4D33377}.Release|Any CPU.Build.0 = Release|Any CPU
		{64A0F3F1-6510-4442-BC0F-919618BAC8F3}.Debug|Any CPU.ActiveCfg = Debug|Any CPU
		{64A0F3F1-6510-4442-BC0F-919618BAC8F3}.Debug|Any CPU.Build.0 = Debug|Any CPU
		{64A0F3F1-6510-4442-BC0F-919618BAC8F3}.Release|Any CPU.ActiveCfg = Release|Any CPU
		{64A0F3F1-6510-4442-BC0F-919618BAC8F3}.Release|Any CPU.Build.0 = Release|Any CPU
	EndGlobalSection
	GlobalSection(SolutionProperties) = preSolution
		HideSolutionNode = FALSE
	EndGlobalSection
	GlobalSection(NestedProjects) = preSolution
		{8A356C97-EAF5-4D16-AF32-02721633F601} = {36D591C7-65C7-A0D1-1CBC-10CDE441BDC8}
		{C7636BA3-4F3B-4239-BA1B-E73A3DD104D4} = {8A356C97-EAF5-4D16-AF32-02721633F601}
		{603DDFAB-8709-44FB-93D2-2862192326C9} = {8A356C97-EAF5-4D16-AF32-02721633F601}
		{D4F91A08-DC13-4772-A9B7-160BF97889C2} = {8A356C97-EAF5-4D16-AF32-02721633F601}
		{944205A8-8CC0-421F-A501-406802C84A14} = {8A356C97-EAF5-4D16-AF32-02721633F601}
		{E84BC9D3-2BD5-401A-85D0-A2324814B47C} = {36D591C7-65C7-A0D1-1CBC-10CDE441BDC8}
		{DD31C789-A647-4BA1-B395-6AC3A4B3FA0A} = {36D591C7-65C7-A0D1-1CBC-10CDE441BDC8}
		{8FB810EA-14D5-4ACE-A65F-702E3449351A} = {36D591C7-65C7-A0D1-1CBC-10CDE441BDC8}
		{B17CBF6B-870E-44F1-9BFC-8039339A67A7} = {36D591C7-65C7-A0D1-1CBC-10CDE441BDC8}
		{AA726561-E4A0-452B-BB22-3B73A88ACAED} = {36D591C7-65C7-A0D1-1CBC-10CDE441BDC8}
		{AE575153-1014-4BFA-A316-331C8F9B181C} = {36D591C7-65C7-A0D1-1CBC-10CDE441BDC8}
		{C9EDD178-C011-4881-8AFD-2C89CDEA340D} = {36D591C7-65C7-A0D1-1CBC-10CDE441BDC8}
		{2199006E-7945-407B-A029-35C86C13D4F4} = {AE575153-1014-4BFA-A316-331C8F9B181C}
		{7BA9B77E-5BBE-404E-A263-59103BB7CA91} = {AE575153-1014-4BFA-A316-331C8F9B181C}
		{ABD8FBD1-888B-4C49-A622-7B11CD2CC718} = {AE575153-1014-4BFA-A316-331C8F9B181C}
		{AEA79AC2-FFCC-403A-9E09-6D6F1537E635} = {AE575153-1014-4BFA-A316-331C8F9B181C}
		{6357B699-EB86-47F7-97F0-25F43688BF3C} = {E84BC9D3-2BD5-401A-85D0-A2324814B47C}
		{4CCC1CAE-3643-4C32-8694-A65A02A4A89E} = {E84BC9D3-2BD5-401A-85D0-A2324814B47C}
		{960848F1-F64B-475D-A5AB-D870AA93707C} = {E84BC9D3-2BD5-401A-85D0-A2324814B47C}
		{815F623B-6C7E-4F5C-9F94-EF852A820765} = {E84BC9D3-2BD5-401A-85D0-A2324814B47C}
		{9CEB030B-28F1-4F11-9741-C00377313635} = {DD31C789-A647-4BA1-B395-6AC3A4B3FA0A}
		{BE397939-9E34-4538-B79D-4EDF898D914E} = {DD31C789-A647-4BA1-B395-6AC3A4B3FA0A}
		{402C131C-18E1-4080-835C-23823682D5E7} = {DD31C789-A647-4BA1-B395-6AC3A4B3FA0A}
		{161D24F6-1E42-4424-AF9C-7DF5DC3A56E9} = {DD31C789-A647-4BA1-B395-6AC3A4B3FA0A}
		{4B7B4E9C-EA0A-4AB1-8230-E1CC849042F7} = {C9EDD178-C011-4881-8AFD-2C89CDEA340D}
		{BC721F0A-C2D6-46BE-A866-5DD3032391C2} = {C9EDD178-C011-4881-8AFD-2C89CDEA340D}
		{6222B43E-4B52-4F6A-89F7-4E5CF32D567A} = {C9EDD178-C011-4881-8AFD-2C89CDEA340D}
		{8907559D-6CF0-4FBE-9CEB-EEE5D725E31B} = {C9EDD178-C011-4881-8AFD-2C89CDEA340D}
		{8BA63617-460A-4A6A-B9F3-2C16C090CC21} = {8FB810EA-14D5-4ACE-A65F-702E3449351A}
		{06564B0E-6765-4F33-B4A9-85D7C48F8945} = {8FB810EA-14D5-4ACE-A65F-702E3449351A}
		{7A37C437-FE6B-489A-94BD-17A2815A9FC7} = {8FB810EA-14D5-4ACE-A65F-702E3449351A}
		{FF8E39CC-777E-4178-8094-FE088A778C70} = {8FB810EA-14D5-4ACE-A65F-702E3449351A}
		{51D5B2F3-F156-4D3D-8B4A-E1F4A0492480} = {AA726561-E4A0-452B-BB22-3B73A88ACAED}
		{CC7798E7-1B4D-4B69-95F3-15567372A56B} = {AA726561-E4A0-452B-BB22-3B73A88ACAED}
		{D46AE73E-580F-4CE0-8323-F825DF040306} = {AA726561-E4A0-452B-BB22-3B73A88ACAED}
		{572009CC-FD9D-4281-A71E-E1A546F8E790} = {AA726561-E4A0-452B-BB22-3B73A88ACAED}
		{0B195DB8-6EC5-4337-A918-6937CFD77C05} = {B17CBF6B-870E-44F1-9BFC-8039339A67A7}
		{52875B43-849C-4127-9282-97D42993CC00} = {B17CBF6B-870E-44F1-9BFC-8039339A67A7}
		{05CE4577-FA53-4DAF-B4EC-185454F28068} = {B17CBF6B-870E-44F1-9BFC-8039339A67A7}
		{7F5C5493-B969-4163-BB5B-D62EF4D33377} = {B17CBF6B-870E-44F1-9BFC-8039339A67A7}
		{64A0F3F1-6510-4442-BC0F-919618BAC8F3} = {5F387CC5-089A-4D8E-8BBB-1670F9DB5A8C}
	EndGlobalSection
	GlobalSection(ExtensibilityGlobals) = postSolution
		SolutionGuid = {50B19713-28EF-4238-91F1-137446281920}
	EndGlobalSection
EndGlobal
